
Microsoft Visual Studio Solution File, Format Version 12.00
# Visual Studio Version 17
VisualStudioVersion = 17.11.35219.272
MinimumVisualStudioVersion = 10.0.40219.1
Project("{9A19103F-16F7-4668-BE54-9A1E7A4F7556}") = "NIHR.Infrastructure", "..\nihr-sdk\NIHR.Infrastructure\NIHR.Infrastructure.csproj", "{3790B1E8-521D-45CF-9BEF-ED657A5B4782}"
EndProject
Project("{9A19103F-16F7-4668-BE54-9A1E7A4F7556}") = "NIHR.GovUk.AspNetCore.Mvc", "..\nihr-sdk\NIHR.GovUk.AspNetCore.Mvc\NIHR.GovUk.AspNetCore.Mvc.csproj", "{8D676A18-387C-41A7-894B-308CC7D26B14}"
EndProject
Project("{9A19103F-16F7-4668-BE54-9A1E7A4F7556}") = "NIHR.Infrastructure.AspNetCore", "..\nihr-sdk\NIHR.Infrastructure.AspNetCore\NIHR.Infrastructure.AspNetCore.csproj", "{CE432D01-9D3E-42B1-9213-7AF440AA0BC5}"
EndProject
Project("{9A19103F-16F7-4668-BE54-9A1E7A4F7556}") = "NIHR.Infrastructure.EntityFrameworkCore", "..\nihr-sdk\NIHR.Infrastructure.EntityFrameworkCore\NIHR.Infrastructure.EntityFrameworkCore.csproj", "{AB3C6816-CBB3-4A38-8638-A9E11A2A118C}"
EndProject
Project("{9A19103F-16F7-4668-BE54-9A1E7A4F7556}") = "BPOR.Content", "BPOR.Content.csproj", "{B8B056D7-6BCD-4009-92E3-FB7562950D08}"
EndProject
Global
	GlobalSection(SolutionConfigurationPlatforms) = preSolution
		Debug|Any CPU = Debug|Any CPU
		Release|Any CPU = Release|Any CPU
	EndGlobalSection
	GlobalSection(ProjectConfigurationPlatforms) = postSolution
		{3790B1E8-521D-45CF-9BEF-ED657A5B4782}.Debug|Any CPU.ActiveCfg = Debug|Any CPU
		{3790B1E8-521D-45CF-9BEF-ED657A5B4782}.Debug|Any CPU.Build.0 = Debug|Any CPU
		{3790B1E8-521D-45CF-9BEF-ED657A5B4782}.Release|Any CPU.ActiveCfg = Release|Any CPU
		{3790B1E8-521D-45CF-9BEF-ED657A5B4782}.Release|Any CPU.Build.0 = Release|Any CPU
		{8D676A18-387C-41A7-894B-308CC7D26B14}.Debug|Any CPU.ActiveCfg = Debug|Any CPU
		{8D676A18-387C-41A7-894B-308CC7D26B14}.Debug|Any CPU.Build.0 = Debug|Any CPU
		{8D676A18-387C-41A7-894B-308CC7D26B14}.Release|Any CPU.ActiveCfg = Release|Any CPU
		{8D676A18-387C-41A7-894B-308CC7D26B14}.Release|Any CPU.Build.0 = Release|Any CPU
		{CE432D01-9D3E-42B1-9213-7AF440AA0BC5}.Debug|Any CPU.ActiveCfg = Debug|Any CPU
		{CE432D01-9D3E-42B1-9213-7AF440AA0BC5}.Debug|Any CPU.Build.0 = Debug|Any CPU
		{CE432D01-9D3E-42B1-9213-7AF440AA0BC5}.Release|Any CPU.ActiveCfg = Release|Any CPU
		{CE432D01-9D3E-42B1-9213-7AF440AA0BC5}.Release|Any CPU.Build.0 = Release|Any CPU
		{AB3C6816-CBB3-4A38-8638-A9E11A2A118C}.Debug|Any CPU.ActiveCfg = Debug|Any CPU
		{AB3C6816-CBB3-4A38-8638-A9E11A2A118C}.Debug|Any CPU.Build.0 = Debug|Any CPU
		{AB3C6816-CBB3-4A38-8638-A9E11A2A118C}.Release|Any CPU.ActiveCfg = Release|Any CPU
		{AB3C6816-CBB3-4A38-8638-A9E11A2A118C}.Release|Any CPU.Build.0 = Release|Any CPU
		{B8B056D7-6BCD-4009-92E3-FB7562950D08}.Debug|Any CPU.ActiveCfg = Debug|Any CPU
		{B8B056D7-6BCD-4009-92E3-FB7562950D08}.Debug|Any CPU.Build.0 = Debug|Any CPU
		{B8B056D7-6BCD-4009-92E3-FB7562950D08}.Release|Any CPU.ActiveCfg = Release|Any CPU
		{B8B056D7-6BCD-4009-92E3-FB7562950D08}.Release|Any CPU.Build.0 = Release|Any CPU
	EndGlobalSection
	GlobalSection(SolutionProperties) = preSolution
		HideSolutionNode = FALSE
	EndGlobalSection
	GlobalSection(ExtensibilityGlobals) = postSolution
		SolutionGuid = {8430818E-58B7-44B4-9677-2F771ECBA3CB}
	EndGlobalSection
EndGlobal
